
Microsoft Visual Studio Solution File, Format Version 12.00
# Visual Studio Version 17
VisualStudioVersion = 17.1.32414.318
MinimumVisualStudioVersion = 10.0.40219.1
Project("{FAE04EC0-301F-11D3-BF4B-00C04F79EFBC}") = "DevExtremeYoutubeAPI", "DevExtremeYoutubeAPI\DevExtremeYoutubeAPI.csproj", "{A6AA19F0-717E-45D8-9D80-7520ADFD28D4}"
EndProject
Project("{FAE04EC0-301F-11D3-BF4B-00C04F79EFBC}") = "DevExtremeYoutubeAPI.Tests", "DevExtremeYoutubeAPI.Tests\DevExtremeYoutubeAPI.Tests.csproj", "{35CF1054-E92C-4336-8163-36C5C8277B9C}"
EndProject
Project("{FAE04EC0-301F-11D3-BF4B-00C04F79EFBC}") = "DevExtremeYoutubeModel", "DevExtremeYoutubeModel\DevExtremeYoutubeModel.csproj", "{BE429A15-75BC-4C22-BA10-5510BB0BFA25}"
EndProject
Global
	GlobalSection(SolutionConfigurationPlatforms) = preSolution
		Debug|Any CPU = Debug|Any CPU
		Release|Any CPU = Release|Any CPU
	EndGlobalSection
	GlobalSection(ProjectConfigurationPlatforms) = postSolution
		{A6AA19F0-717E-45D8-9D80-7520ADFD28D4}.Debug|Any CPU.ActiveCfg = Debug|Any CPU
		{A6AA19F0-717E-45D8-9D80-7520ADFD28D4}.Debug|Any CPU.Build.0 = Debug|Any CPU
		{A6AA19F0-717E-45D8-9D80-7520ADFD28D4}.Release|Any CPU.ActiveCfg = Release|Any CPU
		{A6AA19F0-717E-45D8-9D80-7520ADFD28D4}.Release|Any CPU.Build.0 = Release|Any CPU
		{35CF1054-E92C-4336-8163-36C5C8277B9C}.Debug|Any CPU.ActiveCfg = Debug|Any CPU
		{35CF1054-E92C-4336-8163-36C5C8277B9C}.Debug|Any CPU.Build.0 = Debug|Any CPU
		{35CF1054-E92C-4336-8163-36C5C8277B9C}.Release|Any CPU.ActiveCfg = Release|Any CPU
		{35CF1054-E92C-4336-8163-36C5C8277B9C}.Release|Any CPU.Build.0 = Release|Any CPU
		{BE429A15-75BC-4C22-BA10-5510BB0BFA25}.Debug|Any CPU.ActiveCfg = Debug|Any CPU
		{BE429A15-75BC-4C22-BA10-5510BB0BFA25}.Debug|Any CPU.Build.0 = Debug|Any CPU
		{BE429A15-75BC-4C22-BA10-5510BB0BFA25}.Release|Any CPU.ActiveCfg = Release|Any CPU
		{BE429A15-75BC-4C22-BA10-5510BB0BFA25}.Release|Any CPU.Build.0 = Release|Any CPU
	EndGlobalSection
	GlobalSection(SolutionProperties) = preSolution
		HideSolutionNode = FALSE
	EndGlobalSection
	GlobalSection(ExtensibilityGlobals) = postSolution
		SolutionGuid = {563300EB-4230-4F4A-84AC-FDE550003EB2}
	EndGlobalSection
EndGlobal
